
Microsoft Visual Studio Solution File, Format Version 12.00
# Visual Studio Version 16
VisualStudioVersion = 16.0.29209.62
MinimumVisualStudioVersion = 10.0.40219.1
Project("{FAE04EC0-301F-11D3-BF4B-00C04F79EFBC}") = "judocas", "judocas\judocas.csproj", "{577840A6-437C-43CD-8F5D-53093FEFAC5A}"
EndProject
Global
	GlobalSection(SolutionConfigurationPlatforms) = preSolution
		Debug|Any CPU = Debug|Any CPU
		Release|Any CPU = Release|Any CPU
	EndGlobalSection
	GlobalSection(ProjectConfigurationPlatforms) = postSolution
		{577840A6-437C-43CD-8F5D-53093FEFAC5A}.Debug|Any CPU.ActiveCfg = Debug|Any CPU
		{577840A6-437C-43CD-8F5D-53093FEFAC5A}.Debug|Any CPU.Build.0 = Debug|Any CPU
		{577840A6-437C-43CD-8F5D-53093FEFAC5A}.Release|Any CPU.ActiveCfg = Release|Any CPU
		{577840A6-437C-43CD-8F5D-53093FEFAC5A}.Release|Any CPU.Build.0 = Release|Any CPU
	EndGlobalSection
	GlobalSection(SolutionProperties) = preSolution
		HideSolutionNode = FALSE
	EndGlobalSection
	GlobalSection(ExtensibilityGlobals) = postSolution
		SolutionGuid = {45D5CB5F-650B-4775-96A9-B5E0879BCF5C}
	EndGlobalSection
EndGlobal
